
Microsoft Visual Studio Solution File, Format Version 12.00
Project("{FAE04EC0-301F-11D3-BF4B-00C04F79EFBC}") = "NombreMagique", "NombreMagique\NombreMagique.csproj", "{EC291092-8450-4334-9C72-0456CBAE2861}"
EndProject
Project("{FAE04EC0-301F-11D3-BF4B-00C04F79EFBC}") = "HangedMan", "HangedMan\HangedMan.csproj", "{ACAB353F-FFA1-4771-BAB1-67CDBE84FE33}"
EndProject
Global
	GlobalSection(SolutionConfigurationPlatforms) = preSolution
		Debug|Any CPU = Debug|Any CPU
		Release|Any CPU = Release|Any CPU
	EndGlobalSection
	GlobalSection(ProjectConfigurationPlatforms) = postSolution
		{EC291092-8450-4334-9C72-0456CBAE2861}.Debug|Any CPU.ActiveCfg = Debug|Any CPU
		{EC291092-8450-4334-9C72-0456CBAE2861}.Debug|Any CPU.Build.0 = Debug|Any CPU
		{EC291092-8450-4334-9C72-0456CBAE2861}.Release|Any CPU.ActiveCfg = Release|Any CPU
		{EC291092-8450-4334-9C72-0456CBAE2861}.Release|Any CPU.Build.0 = Release|Any CPU
		{ACAB353F-FFA1-4771-BAB1-67CDBE84FE33}.Debug|Any CPU.ActiveCfg = Debug|Any CPU
		{ACAB353F-FFA1-4771-BAB1-67CDBE84FE33}.Debug|Any CPU.Build.0 = Debug|Any CPU
		{ACAB353F-FFA1-4771-BAB1-67CDBE84FE33}.Release|Any CPU.ActiveCfg = Release|Any CPU
		{ACAB353F-FFA1-4771-BAB1-67CDBE84FE33}.Release|Any CPU.Build.0 = Release|Any CPU
	EndGlobalSection
EndGlobal
