
Microsoft Visual Studio Solution File, Format Version 12.00
Project("{FAE04EC0-301F-11D3-BF4B-00C04F79EFBC}") = "Exercice01", "Exercice01\Exercice01.csproj", "{9A267373-A985-49C9-A989-326D962F5F85}"
EndProject
Project("{FAE04EC0-301F-11D3-BF4B-00C04F79EFBC}") = "Exercice02", "Exercice02\Exercice02.csproj", "{A976CC68-9FD8-46C9-8634-E7119480BEDE}"
EndProject
Project("{FAE04EC0-301F-11D3-BF4B-00C04F79EFBC}") = "Exercice03", "Exercice03\Exercice03.csproj", "{C48A71AD-56D5-4EA3-895F-82C92CE6EB38}"
EndProject
Project("{FAE04EC0-301F-11D3-BF4B-00C04F79EFBC}") = "Exercice04", "Exercice04\Exercice04.csproj", "{CA10D1CE-2E57-43E9-892C-1B855893F6C1}"
EndProject
Project("{FAE04EC0-301F-11D3-BF4B-00C04F79EFBC}") = "Exercice05", "Exercice05\Exercice05.csproj", "{55AF8BE5-821F-444B-83CC-11E46BC7840E}"
EndProject
Project("{FAE04EC0-301F-11D3-BF4B-00C04F79EFBC}") = "Exercice06", "Exercice06\Exercice06.csproj", "{15EC7D2B-DD2B-4213-8BC1-EC9B3DCDC356}"
EndProject
Global
	GlobalSection(SolutionConfigurationPlatforms) = preSolution
		Debug|Any CPU = Debug|Any CPU
		Release|Any CPU = Release|Any CPU
	EndGlobalSection
	GlobalSection(ProjectConfigurationPlatforms) = postSolution
		{9A267373-A985-49C9-A989-326D962F5F85}.Debug|Any CPU.ActiveCfg = Debug|Any CPU
		{9A267373-A985-49C9-A989-326D962F5F85}.Debug|Any CPU.Build.0 = Debug|Any CPU
		{9A267373-A985-49C9-A989-326D962F5F85}.Release|Any CPU.ActiveCfg = Release|Any CPU
		{9A267373-A985-49C9-A989-326D962F5F85}.Release|Any CPU.Build.0 = Release|Any CPU
		{A976CC68-9FD8-46C9-8634-E7119480BEDE}.Debug|Any CPU.ActiveCfg = Debug|Any CPU
		{A976CC68-9FD8-46C9-8634-E7119480BEDE}.Debug|Any CPU.Build.0 = Debug|Any CPU
		{A976CC68-9FD8-46C9-8634-E7119480BEDE}.Release|Any CPU.ActiveCfg = Release|Any CPU
		{A976CC68-9FD8-46C9-8634-E7119480BEDE}.Release|Any CPU.Build.0 = Release|Any CPU
		{C48A71AD-56D5-4EA3-895F-82C92CE6EB38}.Debug|Any CPU.ActiveCfg = Debug|Any CPU
		{C48A71AD-56D5-4EA3-895F-82C92CE6EB38}.Debug|Any CPU.Build.0 = Debug|Any CPU
		{C48A71AD-56D5-4EA3-895F-82C92CE6EB38}.Release|Any CPU.ActiveCfg = Release|Any CPU
		{C48A71AD-56D5-4EA3-895F-82C92CE6EB38}.Release|Any CPU.Build.0 = Release|Any CPU
		{CA10D1CE-2E57-43E9-892C-1B855893F6C1}.Debug|Any CPU.ActiveCfg = Debug|Any CPU
		{CA10D1CE-2E57-43E9-892C-1B855893F6C1}.Debug|Any CPU.Build.0 = Debug|Any CPU
		{CA10D1CE-2E57-43E9-892C-1B855893F6C1}.Release|Any CPU.ActiveCfg = Release|Any CPU
		{CA10D1CE-2E57-43E9-892C-1B855893F6C1}.Release|Any CPU.Build.0 = Release|Any CPU
		{55AF8BE5-821F-444B-83CC-11E46BC7840E}.Debug|Any CPU.ActiveCfg = Debug|Any CPU
		{55AF8BE5-821F-444B-83CC-11E46BC7840E}.Debug|Any CPU.Build.0 = Debug|Any CPU
		{55AF8BE5-821F-444B-83CC-11E46BC7840E}.Release|Any CPU.ActiveCfg = Release|Any CPU
		{55AF8BE5-821F-444B-83CC-11E46BC7840E}.Release|Any CPU.Build.0 = Release|Any CPU
		{15EC7D2B-DD2B-4213-8BC1-EC9B3DCDC356}.Debug|Any CPU.ActiveCfg = Debug|Any CPU
		{15EC7D2B-DD2B-4213-8BC1-EC9B3DCDC356}.Debug|Any CPU.Build.0 = Debug|Any CPU
		{15EC7D2B-DD2B-4213-8BC1-EC9B3DCDC356}.Release|Any CPU.ActiveCfg = Release|Any CPU
		{15EC7D2B-DD2B-4213-8BC1-EC9B3DCDC356}.Release|Any CPU.Build.0 = Release|Any CPU
	EndGlobalSection
EndGlobal
