
Microsoft Visual Studio Solution File, Format Version 12.00
Project("{FAE04EC0-301F-11D3-BF4B-00C04F79EFBC}") = "ShawarmAPI", "ShawarmAPI\ShawarmAPI.csproj", "{8F16BD13-FF1F-46FB-B3B4-A81ACDBC851D}"
EndProject
Global
	GlobalSection(SolutionConfigurationPlatforms) = preSolution
		Debug|Any CPU = Debug|Any CPU
		Release|Any CPU = Release|Any CPU
	EndGlobalSection
	GlobalSection(ProjectConfigurationPlatforms) = postSolution
		{8F16BD13-FF1F-46FB-B3B4-A81ACDBC851D}.Debug|Any CPU.ActiveCfg = Debug|Any CPU
		{8F16BD13-FF1F-46FB-B3B4-A81ACDBC851D}.Debug|Any CPU.Build.0 = Debug|Any CPU
		{8F16BD13-FF1F-46FB-B3B4-A81ACDBC851D}.Release|Any CPU.ActiveCfg = Release|Any CPU
		{8F16BD13-FF1F-46FB-B3B4-A81ACDBC851D}.Release|Any CPU.Build.0 = Release|Any CPU
	EndGlobalSection
EndGlobal
