
Microsoft Visual Studio Solution File, Format Version 12.00
Project("{FAE04EC0-301F-11D3-BF4B-00C04F79EFBC}") = "Exercice.Movies.WebApp", "Exercice.Movies.WebApp\Exercice.Movies.WebApp.csproj", "{D8600FCA-B53E-4889-B37D-2DF682A10DFC}"
EndProject
Project("{FAE04EC0-301F-11D3-BF4B-00C04F79EFBC}") = "Exercice.Movies.Data", "Exercice.Movies.Data\Exercice.Movies.Data.csproj", "{91AA3303-C742-46C4-A68C-39D2E8532824}"
EndProject
Global
	GlobalSection(SolutionConfigurationPlatforms) = preSolution
		Debug|Any CPU = Debug|Any CPU
		Release|Any CPU = Release|Any CPU
	EndGlobalSection
	GlobalSection(ProjectConfigurationPlatforms) = postSolution
		{D8600FCA-B53E-4889-B37D-2DF682A10DFC}.Debug|Any CPU.ActiveCfg = Debug|Any CPU
		{D8600FCA-B53E-4889-B37D-2DF682A10DFC}.Debug|Any CPU.Build.0 = Debug|Any CPU
		{D8600FCA-B53E-4889-B37D-2DF682A10DFC}.Release|Any CPU.ActiveCfg = Release|Any CPU
		{D8600FCA-B53E-4889-B37D-2DF682A10DFC}.Release|Any CPU.Build.0 = Release|Any CPU
		{91AA3303-C742-46C4-A68C-39D2E8532824}.Debug|Any CPU.ActiveCfg = Debug|Any CPU
		{91AA3303-C742-46C4-A68C-39D2E8532824}.Debug|Any CPU.Build.0 = Debug|Any CPU
		{91AA3303-C742-46C4-A68C-39D2E8532824}.Release|Any CPU.ActiveCfg = Release|Any CPU
		{91AA3303-C742-46C4-A68C-39D2E8532824}.Release|Any CPU.Build.0 = Release|Any CPU
	EndGlobalSection
EndGlobal
