
Microsoft Visual Studio Solution File, Format Version 12.00
# Visual Studio Version 17
VisualStudioVersion = 17.12.35527.113
MinimumVisualStudioVersion = 10.0.40219.1
Project("{FAE04EC0-301F-11D3-BF4B-00C04F79EFBC}") = "Demo01.Bibliotheque", "Demo01.Bibliotheque\Demo01.Bibliotheque.csproj", "{CA24B383-DCCE-4B08-BB6C-D0F2C3D07156}"
EndProject
Project("{FAE04EC0-301F-11D3-BF4B-00C04F79EFBC}") = "Demo01.Tests", "Demo01.Tests\Demo01.Tests.csproj", "{E957ACCC-7181-482A-BF4F-2EFD8496A1C3}"
EndProject
Project("{2150E333-8FDC-42A3-9474-1A3956D46DE8}") = "Demos", "Demos", "{D3475367-E632-40A0-9E3F-A9142C88006A}"
EndProject
Project("{FAE04EC0-301F-11D3-BF4B-00C04F79EFBC}") = "Demo01.TestNUnit", "Demo01.TestNUnit\Demo01.TestNUnit.csproj", "{203BC1FC-62D0-4FFD-9CFA-7EE35F5E9065}"
EndProject
Project("{FAE04EC0-301F-11D3-BF4B-00C04F79EFBC}") = "Demo01.TestsXUnit", "Demo01.TestsXUnit\Demo01.TestsXUnit.csproj", "{3431F3C5-AB30-41A5-878B-F909CAAAE181}"
EndProject
Global
	GlobalSection(SolutionConfigurationPlatforms) = preSolution
		Debug|Any CPU = Debug|Any CPU
		Release|Any CPU = Release|Any CPU
	EndGlobalSection
	GlobalSection(ProjectConfigurationPlatforms) = postSolution
		{CA24B383-DCCE-4B08-BB6C-D0F2C3D07156}.Debug|Any CPU.ActiveCfg = Debug|Any CPU
		{CA24B383-DCCE-4B08-BB6C-D0F2C3D07156}.Debug|Any CPU.Build.0 = Debug|Any CPU
		{CA24B383-DCCE-4B08-BB6C-D0F2C3D07156}.Release|Any CPU.ActiveCfg = Release|Any CPU
		{CA24B383-DCCE-4B08-BB6C-D0F2C3D07156}.Release|Any CPU.Build.0 = Release|Any CPU
		{E957ACCC-7181-482A-BF4F-2EFD8496A1C3}.Debug|Any CPU.ActiveCfg = Debug|Any CPU
		{E957ACCC-7181-482A-BF4F-2EFD8496A1C3}.Debug|Any CPU.Build.0 = Debug|Any CPU
		{E957ACCC-7181-482A-BF4F-2EFD8496A1C3}.Release|Any CPU.ActiveCfg = Release|Any CPU
		{E957ACCC-7181-482A-BF4F-2EFD8496A1C3}.Release|Any CPU.Build.0 = Release|Any CPU
		{203BC1FC-62D0-4FFD-9CFA-7EE35F5E9065}.Debug|Any CPU.ActiveCfg = Debug|Any CPU
		{203BC1FC-62D0-4FFD-9CFA-7EE35F5E9065}.Debug|Any CPU.Build.0 = Debug|Any CPU
		{203BC1FC-62D0-4FFD-9CFA-7EE35F5E9065}.Release|Any CPU.ActiveCfg = Release|Any CPU
		{203BC1FC-62D0-4FFD-9CFA-7EE35F5E9065}.Release|Any CPU.Build.0 = Release|Any CPU
		{3431F3C5-AB30-41A5-878B-F909CAAAE181}.Debug|Any CPU.ActiveCfg = Debug|Any CPU
		{3431F3C5-AB30-41A5-878B-F909CAAAE181}.Debug|Any CPU.Build.0 = Debug|Any CPU
		{3431F3C5-AB30-41A5-878B-F909CAAAE181}.Release|Any CPU.ActiveCfg = Release|Any CPU
		{3431F3C5-AB30-41A5-878B-F909CAAAE181}.Release|Any CPU.Build.0 = Release|Any CPU
	EndGlobalSection
	GlobalSection(SolutionProperties) = preSolution
		HideSolutionNode = FALSE
	EndGlobalSection
	GlobalSection(NestedProjects) = preSolution
		{CA24B383-DCCE-4B08-BB6C-D0F2C3D07156} = {D3475367-E632-40A0-9E3F-A9142C88006A}
		{E957ACCC-7181-482A-BF4F-2EFD8496A1C3} = {D3475367-E632-40A0-9E3F-A9142C88006A}
		{203BC1FC-62D0-4FFD-9CFA-7EE35F5E9065} = {D3475367-E632-40A0-9E3F-A9142C88006A}
		{3431F3C5-AB30-41A5-878B-F909CAAAE181} = {D3475367-E632-40A0-9E3F-A9142C88006A}
	EndGlobalSection
EndGlobal
