
Microsoft Visual Studio Solution File, Format Version 12.00
Project("{FAE04EC0-301F-11D3-BF4B-00C04F79EFBC}") = "ColorMaker", "ColorMaker\ColorMaker.csproj", "{70B7E79C-B613-4BA8-B6EC-5458D8325EBC}"
EndProject
Global
	GlobalSection(SolutionConfigurationPlatforms) = preSolution
		Debug|Any CPU = Debug|Any CPU
		Release|Any CPU = Release|Any CPU
	EndGlobalSection
	GlobalSection(ProjectConfigurationPlatforms) = postSolution
		{70B7E79C-B613-4BA8-B6EC-5458D8325EBC}.Debug|Any CPU.ActiveCfg = Debug|Any CPU
		{70B7E79C-B613-4BA8-B6EC-5458D8325EBC}.Debug|Any CPU.Build.0 = Debug|Any CPU
		{70B7E79C-B613-4BA8-B6EC-5458D8325EBC}.Release|Any CPU.ActiveCfg = Release|Any CPU
		{70B7E79C-B613-4BA8-B6EC-5458D8325EBC}.Release|Any CPU.Build.0 = Release|Any CPU
	EndGlobalSection
EndGlobal
