
Microsoft Visual Studio Solution File, Format Version 12.00
Project("{FAE04EC0-301F-11D3-BF4B-00C04F79EFBC}") = "Exercice01", "Exercice01\Exercice01.csproj", "{29AF4635-2D6C-4A25-B8A8-2372FA85D198}"
EndProject
Project("{FAE04EC0-301F-11D3-BF4B-00C04F79EFBC}") = "Exercice02", "Exercice02\Exercice02.csproj", "{4152A538-1EA9-499C-AD23-39BB1A81A6EB}"
EndProject
Project("{FAE04EC0-301F-11D3-BF4B-00C04F79EFBC}") = "Exercice03", "Exercice03\Exercice03.csproj", "{90265004-C8D2-4745-A5DF-B8BBAF4610EE}"
EndProject
Project("{FAE04EC0-301F-11D3-BF4B-00C04F79EFBC}") = "Exercice04", "Exercice04\Exercice04.csproj", "{ECC49B30-3457-4B61-AC5A-BD9F7E0B4EC6}"
EndProject
Project("{FAE04EC0-301F-11D3-BF4B-00C04F79EFBC}") = "Exercice05", "Exercice05\Exercice05.csproj", "{48D2F5E6-41AB-425A-ABC8-37E006E97E9B}"
EndProject
Project("{FAE04EC0-301F-11D3-BF4B-00C04F79EFBC}") = "Exercice06", "Exercice06\Exercice06.csproj", "{DED31EFA-AA42-420D-AFE4-9CD763CE6D76}"
EndProject
Project("{FAE04EC0-301F-11D3-BF4B-00C04F79EFBC}") = "Exercice07", "Exercice07\Exercice07.csproj", "{76B09429-EA4F-452D-8437-243D0B2865BB}"
EndProject
Project("{FAE04EC0-301F-11D3-BF4B-00C04F79EFBC}") = "Exercice08", "Exercice08\Exercice08.csproj", "{07ECB728-FA3D-4590-A181-81885A622A43}"
EndProject
Project("{FAE04EC0-301F-11D3-BF4B-00C04F79EFBC}") = "Exercice09", "Exercice09\Exercice09.csproj", "{A63D9566-1362-4537-B788-A982360A1A70}"
EndProject
Project("{FAE04EC0-301F-11D3-BF4B-00C04F79EFBC}") = "Exercice10", "Exercice10\Exercice10.csproj", "{6B6DA587-5CC1-4FB2-9AE1-1BC526DB5EE9}"
EndProject
Project("{FAE04EC0-301F-11D3-BF4B-00C04F79EFBC}") = "Exercice11", "Exercice11\Exercice11.csproj", "{DC405ADC-0E5A-4611-AB01-0EDC489961CD}"
EndProject
Project("{FAE04EC0-301F-11D3-BF4B-00C04F79EFBC}") = "Exercice12", "Exercice12\Exercice12.csproj", "{0A0798CF-300D-46B7-B16F-3260C179DA5E}"
EndProject
Project("{FAE04EC0-301F-11D3-BF4B-00C04F79EFBC}") = "Exercice13", "Exercice13\Exercice13.csproj", "{C5085F7F-5D4B-4683-9D9F-9FC6B920DB86}"
EndProject
Project("{FAE04EC0-301F-11D3-BF4B-00C04F79EFBC}") = "Exercice14", "Exercice14\Exercice14.csproj", "{10FC72A0-EB62-4A45-BACE-591F0C1D269D}"
EndProject
Project("{FAE04EC0-301F-11D3-BF4B-00C04F79EFBC}") = "Exercice15", "Exercice15\Exercice15.csproj", "{510D7B77-B789-46AF-B46D-BC15D54CD544}"
EndProject
Project("{FAE04EC0-301F-11D3-BF4B-00C04F79EFBC}") = "Exercice17", "Exercice17\Exercice17.csproj", "{D86FB161-B1F6-4263-B0F8-EF95D329E45B}"
EndProject
Project("{FAE04EC0-301F-11D3-BF4B-00C04F79EFBC}") = "Exercice16", "Exercice16\Exercice16.csproj", "{5F544DEA-934A-4477-98ED-54D93CDD10E5}"
EndProject
Project("{FAE04EC0-301F-11D3-BF4B-00C04F79EFBC}") = "Exercice18", "Exercice18\Exercice18.csproj", "{C3F12382-ABC9-4986-9FD7-FC801D2B67C4}"
EndProject
Project("{FAE04EC0-301F-11D3-BF4B-00C04F79EFBC}") = "Exercice19", "Exercice19\Exercice19.csproj", "{04396A9D-AFBF-402B-9AF5-03A6991E49A8}"
EndProject
Project("{FAE04EC0-301F-11D3-BF4B-00C04F79EFBC}") = "Exercice20", "Exercice20\Exercice20.csproj", "{D82A29E7-7930-429B-8ECB-8E8A9A61628D}"
EndProject
Project("{FAE04EC0-301F-11D3-BF4B-00C04F79EFBC}") = "Exercice21", "Exercice21\Exercice21.csproj", "{E25F8E83-BE73-49C8-B79C-D6F7834A7EF7}"
EndProject
Project("{FAE04EC0-301F-11D3-BF4B-00C04F79EFBC}") = "Exercice22", "Exercice22\Exercice22.csproj", "{FCB349F9-D60B-4760-8F77-4C4F209A0203}"
EndProject
Project("{FAE04EC0-301F-11D3-BF4B-00C04F79EFBC}") = "ExerciceSapin", "ExerciceSapin\ExerciceSapin.csproj", "{33E70995-BD0C-43F0-9229-2287E1F275FE}"
EndProject
Project("{FAE04EC0-301F-11D3-BF4B-00C04F79EFBC}") = "Exercice24", "Exercice24\Exercice24.csproj", "{403EAF04-E3C6-4C60-9A4F-C2956AE58EA1}"
EndProject
Project("{FAE04EC0-301F-11D3-BF4B-00C04F79EFBC}") = "Exercice25", "Exercice25\Exercice25.csproj", "{AA4FE6BB-8464-4211-93C8-0C419385775D}"
EndProject
Project("{FAE04EC0-301F-11D3-BF4B-00C04F79EFBC}") = "Exercice26", "Exercice26\Exercice26.csproj", "{8A91F721-B071-44C5-8938-CA6201960018}"
EndProject
Project("{FAE04EC0-301F-11D3-BF4B-00C04F79EFBC}") = "ExerciceFizzBuzz", "ExerciceFizzBuzz\ExerciceFizzBuzz.csproj", "{43DEB8CC-FBE3-4233-A7BA-AF1424808698}"
EndProject
Project("{FAE04EC0-301F-11D3-BF4B-00C04F79EFBC}") = "Exercice28", "Exercice28\Exercice28.csproj", "{1511103C-F9F6-44DF-BDAD-CF5C4EECA954}"
EndProject
Project("{FAE04EC0-301F-11D3-BF4B-00C04F79EFBC}") = "Exercice29", "Exercice29\Exercice29.csproj", "{E6C3165C-7825-4F21-8051-4E9F6C5C1B18}"
EndProject
Project("{FAE04EC0-301F-11D3-BF4B-00C04F79EFBC}") = "Exercice30", "Exercice30\Exercice30.csproj", "{222EA5CE-C361-4643-A777-AC9BBCC8693C}"
EndProject
Project("{FAE04EC0-301F-11D3-BF4B-00C04F79EFBC}") = "Exercice31", "Exercice31\Exercice31.csproj", "{8E350A34-CAC0-491E-9500-17E2D7D09F40}"
EndProject
Project("{FAE04EC0-301F-11D3-BF4B-00C04F79EFBC}") = "ExerciceTirage", "ExerciceTirage\ExerciceTirage.csproj", "{1518114F-A754-43E0-BC7F-395BF02B8E08}"
EndProject
Global
	GlobalSection(SolutionConfigurationPlatforms) = preSolution
		Debug|Any CPU = Debug|Any CPU
		Release|Any CPU = Release|Any CPU
	EndGlobalSection
	GlobalSection(ProjectConfigurationPlatforms) = postSolution
		{29AF4635-2D6C-4A25-B8A8-2372FA85D198}.Debug|Any CPU.ActiveCfg = Debug|Any CPU
		{29AF4635-2D6C-4A25-B8A8-2372FA85D198}.Debug|Any CPU.Build.0 = Debug|Any CPU
		{29AF4635-2D6C-4A25-B8A8-2372FA85D198}.Release|Any CPU.ActiveCfg = Release|Any CPU
		{29AF4635-2D6C-4A25-B8A8-2372FA85D198}.Release|Any CPU.Build.0 = Release|Any CPU
		{4152A538-1EA9-499C-AD23-39BB1A81A6EB}.Debug|Any CPU.ActiveCfg = Debug|Any CPU
		{4152A538-1EA9-499C-AD23-39BB1A81A6EB}.Debug|Any CPU.Build.0 = Debug|Any CPU
		{4152A538-1EA9-499C-AD23-39BB1A81A6EB}.Release|Any CPU.ActiveCfg = Release|Any CPU
		{4152A538-1EA9-499C-AD23-39BB1A81A6EB}.Release|Any CPU.Build.0 = Release|Any CPU
		{90265004-C8D2-4745-A5DF-B8BBAF4610EE}.Debug|Any CPU.ActiveCfg = Debug|Any CPU
		{90265004-C8D2-4745-A5DF-B8BBAF4610EE}.Debug|Any CPU.Build.0 = Debug|Any CPU
		{90265004-C8D2-4745-A5DF-B8BBAF4610EE}.Release|Any CPU.ActiveCfg = Release|Any CPU
		{90265004-C8D2-4745-A5DF-B8BBAF4610EE}.Release|Any CPU.Build.0 = Release|Any CPU
		{ECC49B30-3457-4B61-AC5A-BD9F7E0B4EC6}.Debug|Any CPU.ActiveCfg = Debug|Any CPU
		{ECC49B30-3457-4B61-AC5A-BD9F7E0B4EC6}.Debug|Any CPU.Build.0 = Debug|Any CPU
		{ECC49B30-3457-4B61-AC5A-BD9F7E0B4EC6}.Release|Any CPU.ActiveCfg = Release|Any CPU
		{ECC49B30-3457-4B61-AC5A-BD9F7E0B4EC6}.Release|Any CPU.Build.0 = Release|Any CPU
		{48D2F5E6-41AB-425A-ABC8-37E006E97E9B}.Debug|Any CPU.ActiveCfg = Debug|Any CPU
		{48D2F5E6-41AB-425A-ABC8-37E006E97E9B}.Debug|Any CPU.Build.0 = Debug|Any CPU
		{48D2F5E6-41AB-425A-ABC8-37E006E97E9B}.Release|Any CPU.ActiveCfg = Release|Any CPU
		{48D2F5E6-41AB-425A-ABC8-37E006E97E9B}.Release|Any CPU.Build.0 = Release|Any CPU
		{DED31EFA-AA42-420D-AFE4-9CD763CE6D76}.Debug|Any CPU.ActiveCfg = Debug|Any CPU
		{DED31EFA-AA42-420D-AFE4-9CD763CE6D76}.Debug|Any CPU.Build.0 = Debug|Any CPU
		{DED31EFA-AA42-420D-AFE4-9CD763CE6D76}.Release|Any CPU.ActiveCfg = Release|Any CPU
		{DED31EFA-AA42-420D-AFE4-9CD763CE6D76}.Release|Any CPU.Build.0 = Release|Any CPU
		{76B09429-EA4F-452D-8437-243D0B2865BB}.Debug|Any CPU.ActiveCfg = Debug|Any CPU
		{76B09429-EA4F-452D-8437-243D0B2865BB}.Debug|Any CPU.Build.0 = Debug|Any CPU
		{76B09429-EA4F-452D-8437-243D0B2865BB}.Release|Any CPU.ActiveCfg = Release|Any CPU
		{76B09429-EA4F-452D-8437-243D0B2865BB}.Release|Any CPU.Build.0 = Release|Any CPU
		{07ECB728-FA3D-4590-A181-81885A622A43}.Debug|Any CPU.ActiveCfg = Debug|Any CPU
		{07ECB728-FA3D-4590-A181-81885A622A43}.Debug|Any CPU.Build.0 = Debug|Any CPU
		{07ECB728-FA3D-4590-A181-81885A622A43}.Release|Any CPU.ActiveCfg = Release|Any CPU
		{07ECB728-FA3D-4590-A181-81885A622A43}.Release|Any CPU.Build.0 = Release|Any CPU
		{A63D9566-1362-4537-B788-A982360A1A70}.Debug|Any CPU.ActiveCfg = Debug|Any CPU
		{A63D9566-1362-4537-B788-A982360A1A70}.Debug|Any CPU.Build.0 = Debug|Any CPU
		{A63D9566-1362-4537-B788-A982360A1A70}.Release|Any CPU.ActiveCfg = Release|Any CPU
		{A63D9566-1362-4537-B788-A982360A1A70}.Release|Any CPU.Build.0 = Release|Any CPU
		{6B6DA587-5CC1-4FB2-9AE1-1BC526DB5EE9}.Debug|Any CPU.ActiveCfg = Debug|Any CPU
		{6B6DA587-5CC1-4FB2-9AE1-1BC526DB5EE9}.Debug|Any CPU.Build.0 = Debug|Any CPU
		{6B6DA587-5CC1-4FB2-9AE1-1BC526DB5EE9}.Release|Any CPU.ActiveCfg = Release|Any CPU
		{6B6DA587-5CC1-4FB2-9AE1-1BC526DB5EE9}.Release|Any CPU.Build.0 = Release|Any CPU
		{DC405ADC-0E5A-4611-AB01-0EDC489961CD}.Debug|Any CPU.ActiveCfg = Debug|Any CPU
		{DC405ADC-0E5A-4611-AB01-0EDC489961CD}.Debug|Any CPU.Build.0 = Debug|Any CPU
		{DC405ADC-0E5A-4611-AB01-0EDC489961CD}.Release|Any CPU.ActiveCfg = Release|Any CPU
		{DC405ADC-0E5A-4611-AB01-0EDC489961CD}.Release|Any CPU.Build.0 = Release|Any CPU
		{0A0798CF-300D-46B7-B16F-3260C179DA5E}.Debug|Any CPU.ActiveCfg = Debug|Any CPU
		{0A0798CF-300D-46B7-B16F-3260C179DA5E}.Debug|Any CPU.Build.0 = Debug|Any CPU
		{0A0798CF-300D-46B7-B16F-3260C179DA5E}.Release|Any CPU.ActiveCfg = Release|Any CPU
		{0A0798CF-300D-46B7-B16F-3260C179DA5E}.Release|Any CPU.Build.0 = Release|Any CPU
		{C5085F7F-5D4B-4683-9D9F-9FC6B920DB86}.Debug|Any CPU.ActiveCfg = Debug|Any CPU
		{C5085F7F-5D4B-4683-9D9F-9FC6B920DB86}.Debug|Any CPU.Build.0 = Debug|Any CPU
		{C5085F7F-5D4B-4683-9D9F-9FC6B920DB86}.Release|Any CPU.ActiveCfg = Release|Any CPU
		{C5085F7F-5D4B-4683-9D9F-9FC6B920DB86}.Release|Any CPU.Build.0 = Release|Any CPU
		{10FC72A0-EB62-4A45-BACE-591F0C1D269D}.Debug|Any CPU.ActiveCfg = Debug|Any CPU
		{10FC72A0-EB62-4A45-BACE-591F0C1D269D}.Debug|Any CPU.Build.0 = Debug|Any CPU
		{10FC72A0-EB62-4A45-BACE-591F0C1D269D}.Release|Any CPU.ActiveCfg = Release|Any CPU
		{10FC72A0-EB62-4A45-BACE-591F0C1D269D}.Release|Any CPU.Build.0 = Release|Any CPU
		{510D7B77-B789-46AF-B46D-BC15D54CD544}.Debug|Any CPU.ActiveCfg = Debug|Any CPU
		{510D7B77-B789-46AF-B46D-BC15D54CD544}.Debug|Any CPU.Build.0 = Debug|Any CPU
		{510D7B77-B789-46AF-B46D-BC15D54CD544}.Release|Any CPU.ActiveCfg = Release|Any CPU
		{510D7B77-B789-46AF-B46D-BC15D54CD544}.Release|Any CPU.Build.0 = Release|Any CPU
		{D86FB161-B1F6-4263-B0F8-EF95D329E45B}.Debug|Any CPU.ActiveCfg = Debug|Any CPU
		{D86FB161-B1F6-4263-B0F8-EF95D329E45B}.Debug|Any CPU.Build.0 = Debug|Any CPU
		{D86FB161-B1F6-4263-B0F8-EF95D329E45B}.Release|Any CPU.ActiveCfg = Release|Any CPU
		{D86FB161-B1F6-4263-B0F8-EF95D329E45B}.Release|Any CPU.Build.0 = Release|Any CPU
		{5F544DEA-934A-4477-98ED-54D93CDD10E5}.Debug|Any CPU.ActiveCfg = Debug|Any CPU
		{5F544DEA-934A-4477-98ED-54D93CDD10E5}.Debug|Any CPU.Build.0 = Debug|Any CPU
		{5F544DEA-934A-4477-98ED-54D93CDD10E5}.Release|Any CPU.ActiveCfg = Release|Any CPU
		{5F544DEA-934A-4477-98ED-54D93CDD10E5}.Release|Any CPU.Build.0 = Release|Any CPU
		{C3F12382-ABC9-4986-9FD7-FC801D2B67C4}.Debug|Any CPU.ActiveCfg = Debug|Any CPU
		{C3F12382-ABC9-4986-9FD7-FC801D2B67C4}.Debug|Any CPU.Build.0 = Debug|Any CPU
		{C3F12382-ABC9-4986-9FD7-FC801D2B67C4}.Release|Any CPU.ActiveCfg = Release|Any CPU
		{C3F12382-ABC9-4986-9FD7-FC801D2B67C4}.Release|Any CPU.Build.0 = Release|Any CPU
		{04396A9D-AFBF-402B-9AF5-03A6991E49A8}.Debug|Any CPU.ActiveCfg = Debug|Any CPU
		{04396A9D-AFBF-402B-9AF5-03A6991E49A8}.Debug|Any CPU.Build.0 = Debug|Any CPU
		{04396A9D-AFBF-402B-9AF5-03A6991E49A8}.Release|Any CPU.ActiveCfg = Release|Any CPU
		{04396A9D-AFBF-402B-9AF5-03A6991E49A8}.Release|Any CPU.Build.0 = Release|Any CPU
		{D82A29E7-7930-429B-8ECB-8E8A9A61628D}.Debug|Any CPU.ActiveCfg = Debug|Any CPU
		{D82A29E7-7930-429B-8ECB-8E8A9A61628D}.Debug|Any CPU.Build.0 = Debug|Any CPU
		{D82A29E7-7930-429B-8ECB-8E8A9A61628D}.Release|Any CPU.ActiveCfg = Release|Any CPU
		{D82A29E7-7930-429B-8ECB-8E8A9A61628D}.Release|Any CPU.Build.0 = Release|Any CPU
		{E25F8E83-BE73-49C8-B79C-D6F7834A7EF7}.Debug|Any CPU.ActiveCfg = Debug|Any CPU
		{E25F8E83-BE73-49C8-B79C-D6F7834A7EF7}.Debug|Any CPU.Build.0 = Debug|Any CPU
		{E25F8E83-BE73-49C8-B79C-D6F7834A7EF7}.Release|Any CPU.ActiveCfg = Release|Any CPU
		{E25F8E83-BE73-49C8-B79C-D6F7834A7EF7}.Release|Any CPU.Build.0 = Release|Any CPU
		{FCB349F9-D60B-4760-8F77-4C4F209A0203}.Debug|Any CPU.ActiveCfg = Debug|Any CPU
		{FCB349F9-D60B-4760-8F77-4C4F209A0203}.Debug|Any CPU.Build.0 = Debug|Any CPU
		{FCB349F9-D60B-4760-8F77-4C4F209A0203}.Release|Any CPU.ActiveCfg = Release|Any CPU
		{FCB349F9-D60B-4760-8F77-4C4F209A0203}.Release|Any CPU.Build.0 = Release|Any CPU
		{33E70995-BD0C-43F0-9229-2287E1F275FE}.Debug|Any CPU.ActiveCfg = Debug|Any CPU
		{33E70995-BD0C-43F0-9229-2287E1F275FE}.Debug|Any CPU.Build.0 = Debug|Any CPU
		{33E70995-BD0C-43F0-9229-2287E1F275FE}.Release|Any CPU.ActiveCfg = Release|Any CPU
		{33E70995-BD0C-43F0-9229-2287E1F275FE}.Release|Any CPU.Build.0 = Release|Any CPU
		{403EAF04-E3C6-4C60-9A4F-C2956AE58EA1}.Debug|Any CPU.ActiveCfg = Debug|Any CPU
		{403EAF04-E3C6-4C60-9A4F-C2956AE58EA1}.Debug|Any CPU.Build.0 = Debug|Any CPU
		{403EAF04-E3C6-4C60-9A4F-C2956AE58EA1}.Release|Any CPU.ActiveCfg = Release|Any CPU
		{403EAF04-E3C6-4C60-9A4F-C2956AE58EA1}.Release|Any CPU.Build.0 = Release|Any CPU
		{AA4FE6BB-8464-4211-93C8-0C419385775D}.Debug|Any CPU.ActiveCfg = Debug|Any CPU
		{AA4FE6BB-8464-4211-93C8-0C419385775D}.Debug|Any CPU.Build.0 = Debug|Any CPU
		{AA4FE6BB-8464-4211-93C8-0C419385775D}.Release|Any CPU.ActiveCfg = Release|Any CPU
		{AA4FE6BB-8464-4211-93C8-0C419385775D}.Release|Any CPU.Build.0 = Release|Any CPU
		{8A91F721-B071-44C5-8938-CA6201960018}.Debug|Any CPU.ActiveCfg = Debug|Any CPU
		{8A91F721-B071-44C5-8938-CA6201960018}.Debug|Any CPU.Build.0 = Debug|Any CPU
		{8A91F721-B071-44C5-8938-CA6201960018}.Release|Any CPU.ActiveCfg = Release|Any CPU
		{8A91F721-B071-44C5-8938-CA6201960018}.Release|Any CPU.Build.0 = Release|Any CPU
		{43DEB8CC-FBE3-4233-A7BA-AF1424808698}.Debug|Any CPU.ActiveCfg = Debug|Any CPU
		{43DEB8CC-FBE3-4233-A7BA-AF1424808698}.Debug|Any CPU.Build.0 = Debug|Any CPU
		{43DEB8CC-FBE3-4233-A7BA-AF1424808698}.Release|Any CPU.ActiveCfg = Release|Any CPU
		{43DEB8CC-FBE3-4233-A7BA-AF1424808698}.Release|Any CPU.Build.0 = Release|Any CPU
		{1511103C-F9F6-44DF-BDAD-CF5C4EECA954}.Debug|Any CPU.ActiveCfg = Debug|Any CPU
		{1511103C-F9F6-44DF-BDAD-CF5C4EECA954}.Debug|Any CPU.Build.0 = Debug|Any CPU
		{1511103C-F9F6-44DF-BDAD-CF5C4EECA954}.Release|Any CPU.ActiveCfg = Release|Any CPU
		{1511103C-F9F6-44DF-BDAD-CF5C4EECA954}.Release|Any CPU.Build.0 = Release|Any CPU
		{E6C3165C-7825-4F21-8051-4E9F6C5C1B18}.Debug|Any CPU.ActiveCfg = Debug|Any CPU
		{E6C3165C-7825-4F21-8051-4E9F6C5C1B18}.Debug|Any CPU.Build.0 = Debug|Any CPU
		{E6C3165C-7825-4F21-8051-4E9F6C5C1B18}.Release|Any CPU.ActiveCfg = Release|Any CPU
		{E6C3165C-7825-4F21-8051-4E9F6C5C1B18}.Release|Any CPU.Build.0 = Release|Any CPU
		{222EA5CE-C361-4643-A777-AC9BBCC8693C}.Debug|Any CPU.ActiveCfg = Debug|Any CPU
		{222EA5CE-C361-4643-A777-AC9BBCC8693C}.Debug|Any CPU.Build.0 = Debug|Any CPU
		{222EA5CE-C361-4643-A777-AC9BBCC8693C}.Release|Any CPU.ActiveCfg = Release|Any CPU
		{222EA5CE-C361-4643-A777-AC9BBCC8693C}.Release|Any CPU.Build.0 = Release|Any CPU
		{8E350A34-CAC0-491E-9500-17E2D7D09F40}.Debug|Any CPU.ActiveCfg = Debug|Any CPU
		{8E350A34-CAC0-491E-9500-17E2D7D09F40}.Debug|Any CPU.Build.0 = Debug|Any CPU
		{8E350A34-CAC0-491E-9500-17E2D7D09F40}.Release|Any CPU.ActiveCfg = Release|Any CPU
		{8E350A34-CAC0-491E-9500-17E2D7D09F40}.Release|Any CPU.Build.0 = Release|Any CPU
		{1518114F-A754-43E0-BC7F-395BF02B8E08}.Debug|Any CPU.ActiveCfg = Debug|Any CPU
		{1518114F-A754-43E0-BC7F-395BF02B8E08}.Debug|Any CPU.Build.0 = Debug|Any CPU
		{1518114F-A754-43E0-BC7F-395BF02B8E08}.Release|Any CPU.ActiveCfg = Release|Any CPU
		{1518114F-A754-43E0-BC7F-395BF02B8E08}.Release|Any CPU.Build.0 = Release|Any CPU
	EndGlobalSection
EndGlobal
