
Microsoft Visual Studio Solution File, Format Version 12.00
Project("{FAE04EC0-301F-11D3-BF4B-00C04F79EFBC}") = "Exo04", "Exo04\Exo04.csproj", "{C6A9EC04-BA41-4A99-9E6D-6F515CFBBDBD}"
EndProject
Global
	GlobalSection(SolutionConfigurationPlatforms) = preSolution
		Debug|Any CPU = Debug|Any CPU
		Release|Any CPU = Release|Any CPU
	EndGlobalSection
	GlobalSection(ProjectConfigurationPlatforms) = postSolution
		{C6A9EC04-BA41-4A99-9E6D-6F515CFBBDBD}.Debug|Any CPU.ActiveCfg = Debug|Any CPU
		{C6A9EC04-BA41-4A99-9E6D-6F515CFBBDBD}.Debug|Any CPU.Build.0 = Debug|Any CPU
		{C6A9EC04-BA41-4A99-9E6D-6F515CFBBDBD}.Release|Any CPU.ActiveCfg = Release|Any CPU
		{C6A9EC04-BA41-4A99-9E6D-6F515CFBBDBD}.Release|Any CPU.Build.0 = Release|Any CPU
	EndGlobalSection
EndGlobal
